
Microsoft Visual Studio Solution File, Format Version 12.00
# Visual Studio Version 16
VisualStudioVersion = 16.0.31424.327
MinimumVisualStudioVersion = 10.0.40219.1
Project("{FAE04EC0-301F-11D3-BF4B-00C04F79EFBC}") = "CZS_Admin", "CZS_Admin\CZS_Admin.csproj", "{1908B0C1-2ABA-436E-9ADE-06D4BC086590}"
EndProject
Project("{FAE04EC0-301F-11D3-BF4B-00C04F79EFBC}") = "CZS_Admin_Library", "CZS_Admin_Library\CZS_Admin_Library.csproj", "{E670287F-FF7B-4974-B6E9-783596272879}"
EndProject
Global
	GlobalSection(SolutionConfigurationPlatforms) = preSolution
		Debug|Any CPU = Debug|Any CPU
		Release|Any CPU = Release|Any CPU
	EndGlobalSection
	GlobalSection(ProjectConfigurationPlatforms) = postSolution
		{1908B0C1-2ABA-436E-9ADE-06D4BC086590}.Debug|Any CPU.ActiveCfg = Debug|Any CPU
		{1908B0C1-2ABA-436E-9ADE-06D4BC086590}.Debug|Any CPU.Build.0 = Debug|Any CPU
		{1908B0C1-2ABA-436E-9ADE-06D4BC086590}.Release|Any CPU.ActiveCfg = Release|Any CPU
		{1908B0C1-2ABA-436E-9ADE-06D4BC086590}.Release|Any CPU.Build.0 = Release|Any CPU
		{E670287F-FF7B-4974-B6E9-783596272879}.Debug|Any CPU.ActiveCfg = Debug|Any CPU
		{E670287F-FF7B-4974-B6E9-783596272879}.Debug|Any CPU.Build.0 = Debug|Any CPU
		{E670287F-FF7B-4974-B6E9-783596272879}.Release|Any CPU.ActiveCfg = Release|Any CPU
		{E670287F-FF7B-4974-B6E9-783596272879}.Release|Any CPU.Build.0 = Release|Any CPU
	EndGlobalSection
	GlobalSection(SolutionProperties) = preSolution
		HideSolutionNode = FALSE
	EndGlobalSection
	GlobalSection(ExtensibilityGlobals) = postSolution
		SolutionGuid = {40C2DD25-49DD-4A39-ADF6-A93E89FBF778}
	EndGlobalSection
EndGlobal
